
Microsoft Visual Studio Solution File, Format Version 12.00
# Visual Studio Version 16
VisualStudioVersion = 16.0.29001.49
MinimumVisualStudioVersion = 10.0.40219.1
Project("{9A19103F-16F7-4668-BE54-9A1E7A4F7556}") = "Google.Api.Gax", "Google.Api.Gax\Google.Api.Gax.csproj", "{16E01144-C66A-4267-AE2C-40FECF562BBB}"
EndProject
Project("{9A19103F-16F7-4668-BE54-9A1E7A4F7556}") = "Google.Api.Gax.Tests", "Google.Api.Gax.Tests\Google.Api.Gax.Tests.csproj", "{911A7CDE-2F97-4D82-A25F-9DCC89ADF481}"
EndProject
Project("{9A19103F-16F7-4668-BE54-9A1E7A4F7556}") = "Google.Api.Gax.Testing", "Google.Api.Gax.Testing\Google.Api.Gax.Testing.csproj", "{5BD31BA4-1B9C-48CB-A9B2-77E4A0A35495}"
EndProject
Project("{9A19103F-16F7-4668-BE54-9A1E7A4F7556}") = "Google.Api.Gax.Rest", "Google.Api.Gax.Rest\Google.Api.Gax.Rest.csproj", "{0B96F57B-A344-4B54-9E0A-C38305F04F92}"
EndProject
Project("{9A19103F-16F7-4668-BE54-9A1E7A4F7556}") = "Google.Api.Gax.Rest.Tests", "Google.Api.Gax.Rest.Tests\Google.Api.Gax.Rest.Tests.csproj", "{1910E331-250B-4826-9E19-690DB028EA7B}"
EndProject
Project("{9A19103F-16F7-4668-BE54-9A1E7A4F7556}") = "Google.Api.CommonProtos", "Google.Api.CommonProtos\Google.Api.CommonProtos.csproj", "{29623F34-B99D-47C2-80C8-1A42C0F25A3B}"
EndProject
Project("{9A19103F-16F7-4668-BE54-9A1E7A4F7556}") = "Google.Api.Gax.Grpc.Tests", "Google.Api.Gax.Grpc.Tests\Google.Api.Gax.Grpc.Tests.csproj", "{AB803631-49E6-4114-8668-AF9F5AB3A2D9}"
EndProject
Project("{9A19103F-16F7-4668-BE54-9A1E7A4F7556}") = "Google.Api.Gax.Grpc", "Google.Api.Gax.Grpc\Google.Api.Gax.Grpc.csproj", "{79AF504F-A1F6-4306-91DA-5AB816546306}"
EndProject
Project("{9A19103F-16F7-4668-BE54-9A1E7A4F7556}") = "Google.Api.Gax.Grpc.IntegrationTests", "Google.Api.Gax.Grpc.IntegrationTests\Google.Api.Gax.Grpc.IntegrationTests.csproj", "{BD7ECD06-675B-4B3A-AB63-3966F95CBC11}"
EndProject
Project("{9A19103F-16F7-4668-BE54-9A1E7A4F7556}") = "Google.Api.Gax.Grpc.Testing", "Google.Api.Gax.Grpc.Testing\Google.Api.Gax.Grpc.Testing.csproj", "{700D6B90-4E1C-4019-9B6C-4CE30FD053F1}"
EndProject
Project("{9A19103F-16F7-4668-BE54-9A1E7A4F7556}") = "Google.Api.Gax.PlatformIntegrationTests", "Google.Api.Gax.PlatformIntegrationTests\Google.Api.Gax.PlatformIntegrationTests.csproj", "{7BFC4F8F-86F2-420C-9A44-2A90A44774F4}"
EndProject
Project("{9A19103F-16F7-4668-BE54-9A1E7A4F7556}") = "Google.Api.CommonProtos.Tests", "Google.Api.CommonProtos.Tests\Google.Api.CommonProtos.Tests.csproj", "{7839A366-B685-475E-AB76-E2DC8A7D8C44}"
EndProject
Project("{9A19103F-16F7-4668-BE54-9A1E7A4F7556}") = "Google.Api.Gax.Grpc.Gcp", "Google.Api.Gax.Grpc.Gcp\Google.Api.Gax.Grpc.Gcp.csproj", "{966C1852-164C-4162-B727-04782706D787}"
EndProject
Project("{9A19103F-16F7-4668-BE54-9A1E7A4F7556}") = "Google.Api.Gax.Grpc.Gcp.IntegrationTests", "Google.Api.Gax.Grpc.Gcp.IntegrationTests\Google.Api.Gax.Grpc.Gcp.IntegrationTests.csproj", "{E4272960-930B-451C-975D-AE70C1FC463D}"
EndProject
Project("{9A19103F-16F7-4668-BE54-9A1E7A4F7556}") = "Google.Api.Gax.Rest.IntegrationTests", "Google.Api.Gax.Rest.IntegrationTests\Google.Api.Gax.Rest.IntegrationTests.csproj", "{5445ADA0-34FD-4583-86B7-460D4D5B0E79}"
EndProject
Project("{9A19103F-16F7-4668-BE54-9A1E7A4F7556}") = "Google.Api.Gax.Grpc.GrpcCore", "Google.Api.Gax.Grpc.GrpcCore\Google.Api.Gax.Grpc.GrpcCore.csproj", "{C1A3B6EA-68CA-4FF2-B37B-363A2A90E205}"
EndProject
Project("{9A19103F-16F7-4668-BE54-9A1E7A4F7556}") = "Google.Api.Gax.Grpc.GrpcCore.Tests", "Google.Api.Gax.Grpc.GrpcCore.Tests\Google.Api.Gax.Grpc.GrpcCore.Tests.csproj", "{0CB5BEDD-5143-45C6-B2F6-B1A7FA7B71CD}"
EndProject
Project("{9A19103F-16F7-4668-BE54-9A1E7A4F7556}") = "Google.Api.Gax.Grpc.GrpcNetClient", "Google.Api.Gax.Grpc.GrpcNetClient\Google.Api.Gax.Grpc.GrpcNetClient.csproj", "{F6409F1B-0C13-4C8B-BB15-10714BCE7C5A}"
EndProject
Project("{9A19103F-16F7-4668-BE54-9A1E7A4F7556}") = "Google.Api.Gax.Grpc.GrpcNetClient.Tests", "Google.Api.Gax.Grpc.GrpcNetClient.Tests\Google.Api.Gax.Grpc.GrpcNetClient.Tests.csproj", "{FCC61D31-98E6-4ACA-B6B3-29AC16819A5D}"
EndProject
Project("{2150E333-8FDC-42A3-9474-1A3956D46DE8}") = "MSBuild", "MSBuild", "{68EA9222-DF5D-4DE9-B3F2-9E33C57156B2}"
	ProjectSection(SolutionItems) = preProject
		CommonProperties.xml = CommonProperties.xml
		Directory.Build.targets = Directory.Build.targets
		ReleaseVersion.xml = ReleaseVersion.xml
	EndProjectSection
EndProject
Project("{9A19103F-16F7-4668-BE54-9A1E7A4F7556}") = "Google.Cloud.Compute.V1", "Google.Cloud.Compute.V1\Google.Cloud.Compute.V1\Google.Cloud.Compute.V1.csproj", "{E1145384-36BD-4B71-A7D0-8048E260074A}"
EndProject
Project("{9A19103F-16F7-4668-BE54-9A1E7A4F7556}") = "Google.Cloud.Compute.V1.Snippets", "Google.Cloud.Compute.V1\Google.Cloud.Compute.V1.Snippets\Google.Cloud.Compute.V1.Snippets.csproj", "{2BDF47D2-D675-405F-B077-C9DE0E846E31}"
EndProject
Project("{9A19103F-16F7-4668-BE54-9A1E7A4F7556}") = "Google.Cloud.Compute.V1.Tests", "Google.Cloud.Compute.V1\Google.Cloud.Compute.V1.Tests\Google.Cloud.Compute.V1.Tests.csproj", "{5AA0E0C8-99CB-452F-A14B-383A8C63A112}"
EndProject
Project("{FAE04EC0-301F-11D3-BF4B-00C04F79EFBC}") = "ComputeDemo", "ComputeDemo\ComputeDemo.csproj", "{52A01EDC-B0E2-4D32-8D2A-1ECD82853992}"
EndProject
Global
	GlobalSection(SolutionConfigurationPlatforms) = preSolution
		Debug|Any CPU = Debug|Any CPU
		Release|Any CPU = Release|Any CPU
	EndGlobalSection
	GlobalSection(ProjectConfigurationPlatforms) = postSolution
		{16E01144-C66A-4267-AE2C-40FECF562BBB}.Debug|Any CPU.ActiveCfg = Debug|Any CPU
		{16E01144-C66A-4267-AE2C-40FECF562BBB}.Debug|Any CPU.Build.0 = Debug|Any CPU
		{16E01144-C66A-4267-AE2C-40FECF562BBB}.Release|Any CPU.ActiveCfg = Release|Any CPU
		{16E01144-C66A-4267-AE2C-40FECF562BBB}.Release|Any CPU.Build.0 = Release|Any CPU
		{911A7CDE-2F97-4D82-A25F-9DCC89ADF481}.Debug|Any CPU.ActiveCfg = Debug|Any CPU
		{911A7CDE-2F97-4D82-A25F-9DCC89ADF481}.Debug|Any CPU.Build.0 = Debug|Any CPU
		{911A7CDE-2F97-4D82-A25F-9DCC89ADF481}.Release|Any CPU.ActiveCfg = Release|Any CPU
		{911A7CDE-2F97-4D82-A25F-9DCC89ADF481}.Release|Any CPU.Build.0 = Release|Any CPU
		{5BD31BA4-1B9C-48CB-A9B2-77E4A0A35495}.Debug|Any CPU.ActiveCfg = Debug|Any CPU
		{5BD31BA4-1B9C-48CB-A9B2-77E4A0A35495}.Debug|Any CPU.Build.0 = Debug|Any CPU
		{5BD31BA4-1B9C-48CB-A9B2-77E4A0A35495}.Release|Any CPU.ActiveCfg = Release|Any CPU
		{5BD31BA4-1B9C-48CB-A9B2-77E4A0A35495}.Release|Any CPU.Build.0 = Release|Any CPU
		{0B96F57B-A344-4B54-9E0A-C38305F04F92}.Debug|Any CPU.ActiveCfg = Debug|Any CPU
		{0B96F57B-A344-4B54-9E0A-C38305F04F92}.Debug|Any CPU.Build.0 = Debug|Any CPU
		{0B96F57B-A344-4B54-9E0A-C38305F04F92}.Release|Any CPU.ActiveCfg = Release|Any CPU
		{0B96F57B-A344-4B54-9E0A-C38305F04F92}.Release|Any CPU.Build.0 = Release|Any CPU
		{1910E331-250B-4826-9E19-690DB028EA7B}.Debug|Any CPU.ActiveCfg = Debug|Any CPU
		{1910E331-250B-4826-9E19-690DB028EA7B}.Debug|Any CPU.Build.0 = Debug|Any CPU
		{1910E331-250B-4826-9E19-690DB028EA7B}.Release|Any CPU.ActiveCfg = Release|Any CPU
		{1910E331-250B-4826-9E19-690DB028EA7B}.Release|Any CPU.Build.0 = Release|Any CPU
		{29623F34-B99D-47C2-80C8-1A42C0F25A3B}.Debug|Any CPU.ActiveCfg = Debug|Any CPU
		{29623F34-B99D-47C2-80C8-1A42C0F25A3B}.Debug|Any CPU.Build.0 = Debug|Any CPU
		{29623F34-B99D-47C2-80C8-1A42C0F25A3B}.Release|Any CPU.ActiveCfg = Release|Any CPU
		{29623F34-B99D-47C2-80C8-1A42C0F25A3B}.Release|Any CPU.Build.0 = Release|Any CPU
		{AB803631-49E6-4114-8668-AF9F5AB3A2D9}.Debug|Any CPU.ActiveCfg = Debug|Any CPU
		{AB803631-49E6-4114-8668-AF9F5AB3A2D9}.Debug|Any CPU.Build.0 = Debug|Any CPU
		{AB803631-49E6-4114-8668-AF9F5AB3A2D9}.Release|Any CPU.ActiveCfg = Release|Any CPU
		{AB803631-49E6-4114-8668-AF9F5AB3A2D9}.Release|Any CPU.Build.0 = Release|Any CPU
		{79AF504F-A1F6-4306-91DA-5AB816546306}.Debug|Any CPU.ActiveCfg = Debug|Any CPU
		{79AF504F-A1F6-4306-91DA-5AB816546306}.Debug|Any CPU.Build.0 = Debug|Any CPU
		{79AF504F-A1F6-4306-91DA-5AB816546306}.Release|Any CPU.ActiveCfg = Release|Any CPU
		{79AF504F-A1F6-4306-91DA-5AB816546306}.Release|Any CPU.Build.0 = Release|Any CPU
		{BD7ECD06-675B-4B3A-AB63-3966F95CBC11}.Debug|Any CPU.ActiveCfg = Debug|Any CPU
		{BD7ECD06-675B-4B3A-AB63-3966F95CBC11}.Debug|Any CPU.Build.0 = Debug|Any CPU
		{BD7ECD06-675B-4B3A-AB63-3966F95CBC11}.Release|Any CPU.ActiveCfg = Release|Any CPU
		{BD7ECD06-675B-4B3A-AB63-3966F95CBC11}.Release|Any CPU.Build.0 = Release|Any CPU
		{700D6B90-4E1C-4019-9B6C-4CE30FD053F1}.Debug|Any CPU.ActiveCfg = Debug|Any CPU
		{700D6B90-4E1C-4019-9B6C-4CE30FD053F1}.Debug|Any CPU.Build.0 = Debug|Any CPU
		{700D6B90-4E1C-4019-9B6C-4CE30FD053F1}.Release|Any CPU.ActiveCfg = Release|Any CPU
		{700D6B90-4E1C-4019-9B6C-4CE30FD053F1}.Release|Any CPU.Build.0 = Release|Any CPU
		{7BFC4F8F-86F2-420C-9A44-2A90A44774F4}.Debug|Any CPU.ActiveCfg = Debug|Any CPU
		{7BFC4F8F-86F2-420C-9A44-2A90A44774F4}.Debug|Any CPU.Build.0 = Debug|Any CPU
		{7BFC4F8F-86F2-420C-9A44-2A90A44774F4}.Release|Any CPU.ActiveCfg = Release|Any CPU
		{7BFC4F8F-86F2-420C-9A44-2A90A44774F4}.Release|Any CPU.Build.0 = Release|Any CPU
		{7839A366-B685-475E-AB76-E2DC8A7D8C44}.Debug|Any CPU.ActiveCfg = Debug|Any CPU
		{7839A366-B685-475E-AB76-E2DC8A7D8C44}.Debug|Any CPU.Build.0 = Debug|Any CPU
		{7839A366-B685-475E-AB76-E2DC8A7D8C44}.Release|Any CPU.ActiveCfg = Release|Any CPU
		{7839A366-B685-475E-AB76-E2DC8A7D8C44}.Release|Any CPU.Build.0 = Release|Any CPU
		{966C1852-164C-4162-B727-04782706D787}.Debug|Any CPU.ActiveCfg = Debug|Any CPU
		{966C1852-164C-4162-B727-04782706D787}.Debug|Any CPU.Build.0 = Debug|Any CPU
		{966C1852-164C-4162-B727-04782706D787}.Release|Any CPU.ActiveCfg = Release|Any CPU
		{966C1852-164C-4162-B727-04782706D787}.Release|Any CPU.Build.0 = Release|Any CPU
		{E4272960-930B-451C-975D-AE70C1FC463D}.Debug|Any CPU.ActiveCfg = Debug|Any CPU
		{E4272960-930B-451C-975D-AE70C1FC463D}.Debug|Any CPU.Build.0 = Debug|Any CPU
		{E4272960-930B-451C-975D-AE70C1FC463D}.Release|Any CPU.ActiveCfg = Release|Any CPU
		{E4272960-930B-451C-975D-AE70C1FC463D}.Release|Any CPU.Build.0 = Release|Any CPU
		{5445ADA0-34FD-4583-86B7-460D4D5B0E79}.Debug|Any CPU.ActiveCfg = Debug|Any CPU
		{5445ADA0-34FD-4583-86B7-460D4D5B0E79}.Debug|Any CPU.Build.0 = Debug|Any CPU
		{5445ADA0-34FD-4583-86B7-460D4D5B0E79}.Release|Any CPU.ActiveCfg = Release|Any CPU
		{5445ADA0-34FD-4583-86B7-460D4D5B0E79}.Release|Any CPU.Build.0 = Release|Any CPU
		{C1A3B6EA-68CA-4FF2-B37B-363A2A90E205}.Debug|Any CPU.ActiveCfg = Debug|Any CPU
		{C1A3B6EA-68CA-4FF2-B37B-363A2A90E205}.Debug|Any CPU.Build.0 = Debug|Any CPU
		{C1A3B6EA-68CA-4FF2-B37B-363A2A90E205}.Release|Any CPU.ActiveCfg = Release|Any CPU
		{C1A3B6EA-68CA-4FF2-B37B-363A2A90E205}.Release|Any CPU.Build.0 = Release|Any CPU
		{0CB5BEDD-5143-45C6-B2F6-B1A7FA7B71CD}.Debug|Any CPU.ActiveCfg = Debug|Any CPU
		{0CB5BEDD-5143-45C6-B2F6-B1A7FA7B71CD}.Debug|Any CPU.Build.0 = Debug|Any CPU
		{0CB5BEDD-5143-45C6-B2F6-B1A7FA7B71CD}.Release|Any CPU.ActiveCfg = Release|Any CPU
		{0CB5BEDD-5143-45C6-B2F6-B1A7FA7B71CD}.Release|Any CPU.Build.0 = Release|Any CPU
		{F6409F1B-0C13-4C8B-BB15-10714BCE7C5A}.Debug|Any CPU.ActiveCfg = Debug|Any CPU
		{F6409F1B-0C13-4C8B-BB15-10714BCE7C5A}.Debug|Any CPU.Build.0 = Debug|Any CPU
		{F6409F1B-0C13-4C8B-BB15-10714BCE7C5A}.Release|Any CPU.ActiveCfg = Release|Any CPU
		{F6409F1B-0C13-4C8B-BB15-10714BCE7C5A}.Release|Any CPU.Build.0 = Release|Any CPU
		{FCC61D31-98E6-4ACA-B6B3-29AC16819A5D}.Debug|Any CPU.ActiveCfg = Debug|Any CPU
		{FCC61D31-98E6-4ACA-B6B3-29AC16819A5D}.Debug|Any CPU.Build.0 = Debug|Any CPU
		{FCC61D31-98E6-4ACA-B6B3-29AC16819A5D}.Release|Any CPU.ActiveCfg = Release|Any CPU
		{FCC61D31-98E6-4ACA-B6B3-29AC16819A5D}.Release|Any CPU.Build.0 = Release|Any CPU
		{E1145384-36BD-4B71-A7D0-8048E260074A}.Debug|Any CPU.ActiveCfg = Debug|Any CPU
		{E1145384-36BD-4B71-A7D0-8048E260074A}.Debug|Any CPU.Build.0 = Debug|Any CPU
		{E1145384-36BD-4B71-A7D0-8048E260074A}.Release|Any CPU.ActiveCfg = Release|Any CPU
		{E1145384-36BD-4B71-A7D0-8048E260074A}.Release|Any CPU.Build.0 = Release|Any CPU
		{2BDF47D2-D675-405F-B077-C9DE0E846E31}.Debug|Any CPU.ActiveCfg = Debug|Any CPU
		{2BDF47D2-D675-405F-B077-C9DE0E846E31}.Debug|Any CPU.Build.0 = Debug|Any CPU
		{2BDF47D2-D675-405F-B077-C9DE0E846E31}.Release|Any CPU.ActiveCfg = Release|Any CPU
		{2BDF47D2-D675-405F-B077-C9DE0E846E31}.Release|Any CPU.Build.0 = Release|Any CPU
		{5AA0E0C8-99CB-452F-A14B-383A8C63A112}.Debug|Any CPU.ActiveCfg = Debug|Any CPU
		{5AA0E0C8-99CB-452F-A14B-383A8C63A112}.Debug|Any CPU.Build.0 = Debug|Any CPU
		{5AA0E0C8-99CB-452F-A14B-383A8C63A112}.Release|Any CPU.ActiveCfg = Release|Any CPU
		{5AA0E0C8-99CB-452F-A14B-383A8C63A112}.Release|Any CPU.Build.0 = Release|Any CPU
		{52A01EDC-B0E2-4D32-8D2A-1ECD82853992}.Debug|Any CPU.ActiveCfg = Debug|Any CPU
		{52A01EDC-B0E2-4D32-8D2A-1ECD82853992}.Debug|Any CPU.Build.0 = Debug|Any CPU
		{52A01EDC-B0E2-4D32-8D2A-1ECD82853992}.Release|Any CPU.ActiveCfg = Release|Any CPU
		{52A01EDC-B0E2-4D32-8D2A-1ECD82853992}.Release|Any CPU.Build.0 = Release|Any CPU
	EndGlobalSection
	GlobalSection(SolutionProperties) = preSolution
		HideSolutionNode = FALSE
	EndGlobalSection
	GlobalSection(ExtensibilityGlobals) = postSolution
		SolutionGuid = {EBC5AB6A-DE79-42BA-9D86-43789F17A749}
	EndGlobalSection
EndGlobal
